
Microsoft Visual Studio Solution File, Format Version 12.00
# Visual Studio Version 17
VisualStudioVersion = 17.2.32516.85
MinimumVisualStudioVersion = 10.0.40219.1
Project("{FAE04EC0-301F-11D3-BF4B-00C04F79EFBC}") = "[5kyu]RGB To Hex Conversion", "[5kyu]RGB To Hex Conversion\[5kyu]RGB To Hex Conversion.csproj", "{72BBC1E6-A655-423D-8847-121047301C93}"
EndProject
Global
	GlobalSection(SolutionConfigurationPlatforms) = preSolution
		Debug|Any CPU = Debug|Any CPU
		Release|Any CPU = Release|Any CPU
	EndGlobalSection
	GlobalSection(ProjectConfigurationPlatforms) = postSolution
		{72BBC1E6-A655-423D-8847-121047301C93}.Debug|Any CPU.ActiveCfg = Debug|Any CPU
		{72BBC1E6-A655-423D-8847-121047301C93}.Debug|Any CPU.Build.0 = Debug|Any CPU
		{72BBC1E6-A655-423D-8847-121047301C93}.Release|Any CPU.ActiveCfg = Release|Any CPU
		{72BBC1E6-A655-423D-8847-121047301C93}.Release|Any CPU.Build.0 = Release|Any CPU
	EndGlobalSection
	GlobalSection(SolutionProperties) = preSolution
		HideSolutionNode = FALSE
	EndGlobalSection
	GlobalSection(ExtensibilityGlobals) = postSolution
		SolutionGuid = {08259475-0358-41D3-BE1B-803AF01AFF00}
	EndGlobalSection
EndGlobal
