
Microsoft Visual Studio Solution File, Format Version 12.00
# Visual Studio Version 17
VisualStudioVersion = 17.2.32516.85
MinimumVisualStudioVersion = 10.0.40219.1
Project("{FAE04EC0-301F-11D3-BF4B-00C04F79EFBC}") = "[5kyu]Bird Mountain", "[5kyu]Bird Mountain\[5kyu]Bird Mountain.csproj", "{E42D7FE2-AEC4-42FB-A4C3-281A48480A97}"
EndProject
Global
	GlobalSection(SolutionConfigurationPlatforms) = preSolution
		Debug|Any CPU = Debug|Any CPU
		Release|Any CPU = Release|Any CPU
	EndGlobalSection
	GlobalSection(ProjectConfigurationPlatforms) = postSolution
		{E42D7FE2-AEC4-42FB-A4C3-281A48480A97}.Debug|Any CPU.ActiveCfg = Debug|Any CPU
		{E42D7FE2-AEC4-42FB-A4C3-281A48480A97}.Debug|Any CPU.Build.0 = Debug|Any CPU
		{E42D7FE2-AEC4-42FB-A4C3-281A48480A97}.Release|Any CPU.ActiveCfg = Release|Any CPU
		{E42D7FE2-AEC4-42FB-A4C3-281A48480A97}.Release|Any CPU.Build.0 = Release|Any CPU
	EndGlobalSection
	GlobalSection(SolutionProperties) = preSolution
		HideSolutionNode = FALSE
	EndGlobalSection
	GlobalSection(ExtensibilityGlobals) = postSolution
		SolutionGuid = {A2DC0AB6-45A6-41FD-AFB3-7368B0E36EA4}
	EndGlobalSection
EndGlobal
