
Microsoft Visual Studio Solution File, Format Version 12.00
# Visual Studio Version 16
VisualStudioVersion = 16.0.30114.105
MinimumVisualStudioVersion = 10.0.40219.1
Project("{FAE04EC0-301F-11D3-BF4B-00C04F79EFBC}") = "[8kyu]Remove duplicates from list", "[8kyu]Remove duplicates from list\[8kyu]Remove duplicates from list.csproj", "{3B9950FA-60A0-4884-A805-B6BD4A12EE05}"
EndProject
Project("{FAE04EC0-301F-11D3-BF4B-00C04F79EFBC}") = "[7kyu]Remove anchor from URL", "[7kyu]Remove anchor from URL\[7kyu]Remove anchor from URL.csproj", "{FA5FB984-45F6-4045-AE5E-950D90ED48DF}"
EndProject
Project("{FAE04EC0-301F-11D3-BF4B-00C04F79EFBC}") = "[6kyu]Min Factor Distance", "[6kyu]Min Factor Distance\[6kyu]Min Factor Distance.csproj", "{C2ADA90F-F846-49C3-B593-7707B4844849}"
EndProject
Global
	GlobalSection(SolutionConfigurationPlatforms) = preSolution
		Debug|Any CPU = Debug|Any CPU
		Release|Any CPU = Release|Any CPU
	EndGlobalSection
	GlobalSection(SolutionProperties) = preSolution
		HideSolutionNode = FALSE
	EndGlobalSection
	GlobalSection(ProjectConfigurationPlatforms) = postSolution
		{3B9950FA-60A0-4884-A805-B6BD4A12EE05}.Debug|Any CPU.ActiveCfg = Debug|Any CPU
		{3B9950FA-60A0-4884-A805-B6BD4A12EE05}.Debug|Any CPU.Build.0 = Debug|Any CPU
		{3B9950FA-60A0-4884-A805-B6BD4A12EE05}.Release|Any CPU.ActiveCfg = Release|Any CPU
		{3B9950FA-60A0-4884-A805-B6BD4A12EE05}.Release|Any CPU.Build.0 = Release|Any CPU
		{FA5FB984-45F6-4045-AE5E-950D90ED48DF}.Debug|Any CPU.ActiveCfg = Debug|Any CPU
		{FA5FB984-45F6-4045-AE5E-950D90ED48DF}.Debug|Any CPU.Build.0 = Debug|Any CPU
		{FA5FB984-45F6-4045-AE5E-950D90ED48DF}.Release|Any CPU.ActiveCfg = Release|Any CPU
		{FA5FB984-45F6-4045-AE5E-950D90ED48DF}.Release|Any CPU.Build.0 = Release|Any CPU
		{C2ADA90F-F846-49C3-B593-7707B4844849}.Debug|Any CPU.ActiveCfg = Debug|Any CPU
		{C2ADA90F-F846-49C3-B593-7707B4844849}.Debug|Any CPU.Build.0 = Debug|Any CPU
		{C2ADA90F-F846-49C3-B593-7707B4844849}.Release|Any CPU.ActiveCfg = Release|Any CPU
		{C2ADA90F-F846-49C3-B593-7707B4844849}.Release|Any CPU.Build.0 = Release|Any CPU
	EndGlobalSection
EndGlobal
