
Microsoft Visual Studio Solution File, Format Version 12.00
# Visual Studio Version 17
VisualStudioVersion = 17.2.32516.85
MinimumVisualStudioVersion = 10.0.40219.1
Project("{FAE04EC0-301F-11D3-BF4B-00C04F79EFBC}") = "[7kyu]Binary Addition", "[7kyu]Binary Addition\[7kyu]Binary Addition.csproj", "{CE87D217-1E1A-41FC-90D0-79DA45ECE1F8}"
EndProject
Global
	GlobalSection(SolutionConfigurationPlatforms) = preSolution
		Debug|Any CPU = Debug|Any CPU
		Release|Any CPU = Release|Any CPU
	EndGlobalSection
	GlobalSection(ProjectConfigurationPlatforms) = postSolution
		{CE87D217-1E1A-41FC-90D0-79DA45ECE1F8}.Debug|Any CPU.ActiveCfg = Debug|Any CPU
		{CE87D217-1E1A-41FC-90D0-79DA45ECE1F8}.Debug|Any CPU.Build.0 = Debug|Any CPU
		{CE87D217-1E1A-41FC-90D0-79DA45ECE1F8}.Release|Any CPU.ActiveCfg = Release|Any CPU
		{CE87D217-1E1A-41FC-90D0-79DA45ECE1F8}.Release|Any CPU.Build.0 = Release|Any CPU
	EndGlobalSection
	GlobalSection(SolutionProperties) = preSolution
		HideSolutionNode = FALSE
	EndGlobalSection
	GlobalSection(ExtensibilityGlobals) = postSolution
		SolutionGuid = {59CF0080-E164-47A7-979F-FA8FDAFD3D3E}
	EndGlobalSection
EndGlobal
