
Microsoft Visual Studio Solution File, Format Version 12.00
# Visual Studio Version 17
VisualStudioVersion = 17.2.32516.85
MinimumVisualStudioVersion = 10.0.40219.1
Project("{FAE04EC0-301F-11D3-BF4B-00C04F79EFBC}") = "[7kyu]Maximum Product", "[7kyu]Maximum Product\[7kyu]Maximum Product.csproj", "{AFB3E013-76C1-404B-AAE1-14746C7F9483}"
EndProject
Global
	GlobalSection(SolutionConfigurationPlatforms) = preSolution
		Debug|Any CPU = Debug|Any CPU
		Release|Any CPU = Release|Any CPU
	EndGlobalSection
	GlobalSection(ProjectConfigurationPlatforms) = postSolution
		{AFB3E013-76C1-404B-AAE1-14746C7F9483}.Debug|Any CPU.ActiveCfg = Debug|Any CPU
		{AFB3E013-76C1-404B-AAE1-14746C7F9483}.Debug|Any CPU.Build.0 = Debug|Any CPU
		{AFB3E013-76C1-404B-AAE1-14746C7F9483}.Release|Any CPU.ActiveCfg = Release|Any CPU
		{AFB3E013-76C1-404B-AAE1-14746C7F9483}.Release|Any CPU.Build.0 = Release|Any CPU
	EndGlobalSection
	GlobalSection(SolutionProperties) = preSolution
		HideSolutionNode = FALSE
	EndGlobalSection
	GlobalSection(ExtensibilityGlobals) = postSolution
		SolutionGuid = {937FC8A1-1DC0-48CB-A42E-F90C6ED8EC43}
	EndGlobalSection
EndGlobal
