
Microsoft Visual Studio Solution File, Format Version 12.00
# Visual Studio Version 17
VisualStudioVersion = 17.2.32516.85
MinimumVisualStudioVersion = 10.0.40219.1
Project("{FAE04EC0-301F-11D3-BF4B-00C04F79EFBC}") = "[6kyu]Highest Scoring Word", "[6kyu]Highest Scoring Word\[6kyu]Highest Scoring Word.csproj", "{258B16C1-AB66-49A0-8211-053DB89C53C6}"
EndProject
Global
	GlobalSection(SolutionConfigurationPlatforms) = preSolution
		Debug|Any CPU = Debug|Any CPU
		Release|Any CPU = Release|Any CPU
	EndGlobalSection
	GlobalSection(ProjectConfigurationPlatforms) = postSolution
		{258B16C1-AB66-49A0-8211-053DB89C53C6}.Debug|Any CPU.ActiveCfg = Debug|Any CPU
		{258B16C1-AB66-49A0-8211-053DB89C53C6}.Debug|Any CPU.Build.0 = Debug|Any CPU
		{258B16C1-AB66-49A0-8211-053DB89C53C6}.Release|Any CPU.ActiveCfg = Release|Any CPU
		{258B16C1-AB66-49A0-8211-053DB89C53C6}.Release|Any CPU.Build.0 = Release|Any CPU
	EndGlobalSection
	GlobalSection(SolutionProperties) = preSolution
		HideSolutionNode = FALSE
	EndGlobalSection
	GlobalSection(ExtensibilityGlobals) = postSolution
		SolutionGuid = {4664B88A-C98A-4AC0-992B-65E36934BCD0}
	EndGlobalSection
EndGlobal
