
Microsoft Visual Studio Solution File, Format Version 12.00
# Visual Studio Version 17
VisualStudioVersion = 17.2.32516.85
MinimumVisualStudioVersion = 10.0.40219.1
Project("{FAE04EC0-301F-11D3-BF4B-00C04F79EFBC}") = "[5kyu]Valid Parentheses", "[5kyu]Valid Parentheses\[5kyu]Valid Parentheses.csproj", "{5B13DFEC-219E-447B-A85D-88427829B203}"
EndProject
Global
	GlobalSection(SolutionConfigurationPlatforms) = preSolution
		Debug|Any CPU = Debug|Any CPU
		Release|Any CPU = Release|Any CPU
	EndGlobalSection
	GlobalSection(ProjectConfigurationPlatforms) = postSolution
		{5B13DFEC-219E-447B-A85D-88427829B203}.Debug|Any CPU.ActiveCfg = Debug|Any CPU
		{5B13DFEC-219E-447B-A85D-88427829B203}.Debug|Any CPU.Build.0 = Debug|Any CPU
		{5B13DFEC-219E-447B-A85D-88427829B203}.Release|Any CPU.ActiveCfg = Release|Any CPU
		{5B13DFEC-219E-447B-A85D-88427829B203}.Release|Any CPU.Build.0 = Release|Any CPU
	EndGlobalSection
	GlobalSection(SolutionProperties) = preSolution
		HideSolutionNode = FALSE
	EndGlobalSection
	GlobalSection(ExtensibilityGlobals) = postSolution
		SolutionGuid = {22F9711D-4A8B-45AF-97CE-EC11E03F1490}
	EndGlobalSection
EndGlobal
