
Microsoft Visual Studio Solution File, Format Version 12.00
# Visual Studio Version 17
VisualStudioVersion = 17.2.32516.85
MinimumVisualStudioVersion = 10.0.40219.1
Project("{FAE04EC0-301F-11D3-BF4B-00C04F79EFBC}") = "[4kui]Path Finder 4. Where are you", "[4kui]Path Finder 4. Where are you\[4kui]Path Finder 4. Where are you.csproj", "{509F47CD-9902-49F3-A962-FFD18DB0EE27}"
EndProject
Global
	GlobalSection(SolutionConfigurationPlatforms) = preSolution
		Debug|Any CPU = Debug|Any CPU
		Release|Any CPU = Release|Any CPU
	EndGlobalSection
	GlobalSection(ProjectConfigurationPlatforms) = postSolution
		{509F47CD-9902-49F3-A962-FFD18DB0EE27}.Debug|Any CPU.ActiveCfg = Debug|Any CPU
		{509F47CD-9902-49F3-A962-FFD18DB0EE27}.Debug|Any CPU.Build.0 = Debug|Any CPU
		{509F47CD-9902-49F3-A962-FFD18DB0EE27}.Release|Any CPU.ActiveCfg = Release|Any CPU
		{509F47CD-9902-49F3-A962-FFD18DB0EE27}.Release|Any CPU.Build.0 = Release|Any CPU
	EndGlobalSection
	GlobalSection(SolutionProperties) = preSolution
		HideSolutionNode = FALSE
	EndGlobalSection
	GlobalSection(ExtensibilityGlobals) = postSolution
		SolutionGuid = {5136371A-3375-4CCE-989E-DF62EC95C0FE}
	EndGlobalSection
EndGlobal
