
Microsoft Visual Studio Solution File, Format Version 12.00
# Visual Studio Version 17
VisualStudioVersion = 17.2.32516.85
MinimumVisualStudioVersion = 10.0.40219.1
Project("{FAE04EC0-301F-11D3-BF4B-00C04F79EFBC}") = "Range Bit Counting", "Range Bit Counting\Range Bit Counting.csproj", "{69E97F35-35BF-4DEA-8014-9F349E01344D}"
EndProject
Global
	GlobalSection(SolutionConfigurationPlatforms) = preSolution
		Debug|Any CPU = Debug|Any CPU
		Release|Any CPU = Release|Any CPU
	EndGlobalSection
	GlobalSection(ProjectConfigurationPlatforms) = postSolution
		{69E97F35-35BF-4DEA-8014-9F349E01344D}.Debug|Any CPU.ActiveCfg = Debug|Any CPU
		{69E97F35-35BF-4DEA-8014-9F349E01344D}.Debug|Any CPU.Build.0 = Debug|Any CPU
		{69E97F35-35BF-4DEA-8014-9F349E01344D}.Release|Any CPU.ActiveCfg = Release|Any CPU
		{69E97F35-35BF-4DEA-8014-9F349E01344D}.Release|Any CPU.Build.0 = Release|Any CPU
	EndGlobalSection
	GlobalSection(SolutionProperties) = preSolution
		HideSolutionNode = FALSE
	EndGlobalSection
	GlobalSection(ExtensibilityGlobals) = postSolution
		SolutionGuid = {DF6F66E7-A4B1-436E-97AD-A6B171A7D309}
	EndGlobalSection
EndGlobal
