
Microsoft Visual Studio Solution File, Format Version 12.00
# Visual Studio Version 17
VisualStudioVersion = 17.2.32516.85
MinimumVisualStudioVersion = 10.0.40219.1
Project("{FAE04EC0-301F-11D3-BF4B-00C04F79EFBC}") = "[8kyu]Beginner Series 4. Cockroach", "[8kyu]Beginner Series 4. Cockroach\[8kyu]Beginner Series 4. Cockroach.csproj", "{79A1CD04-E15B-4E4C-9560-13CBDFAA502D}"
EndProject
Global
	GlobalSection(SolutionConfigurationPlatforms) = preSolution
		Debug|Any CPU = Debug|Any CPU
		Release|Any CPU = Release|Any CPU
	EndGlobalSection
	GlobalSection(ProjectConfigurationPlatforms) = postSolution
		{79A1CD04-E15B-4E4C-9560-13CBDFAA502D}.Debug|Any CPU.ActiveCfg = Debug|Any CPU
		{79A1CD04-E15B-4E4C-9560-13CBDFAA502D}.Debug|Any CPU.Build.0 = Debug|Any CPU
		{79A1CD04-E15B-4E4C-9560-13CBDFAA502D}.Release|Any CPU.ActiveCfg = Release|Any CPU
		{79A1CD04-E15B-4E4C-9560-13CBDFAA502D}.Release|Any CPU.Build.0 = Release|Any CPU
	EndGlobalSection
	GlobalSection(SolutionProperties) = preSolution
		HideSolutionNode = FALSE
	EndGlobalSection
	GlobalSection(ExtensibilityGlobals) = postSolution
		SolutionGuid = {A6E7947C-5275-4211-9B9C-00232A333BF1}
	EndGlobalSection
EndGlobal
