
Microsoft Visual Studio Solution File, Format Version 12.00
# Visual Studio Version 17
VisualStudioVersion = 17.2.32516.85
MinimumVisualStudioVersion = 10.0.40219.1
Project("{FAE04EC0-301F-11D3-BF4B-00C04F79EFBC}") = "[7kyu]Highest and Lowest", "[7kyu]Highest and Lowest\[7kyu]Highest and Lowest.csproj", "{C635C619-2740-43F1-B660-1AE73981C499}"
EndProject
Global
	GlobalSection(SolutionConfigurationPlatforms) = preSolution
		Debug|Any CPU = Debug|Any CPU
		Release|Any CPU = Release|Any CPU
	EndGlobalSection
	GlobalSection(ProjectConfigurationPlatforms) = postSolution
		{C635C619-2740-43F1-B660-1AE73981C499}.Debug|Any CPU.ActiveCfg = Debug|Any CPU
		{C635C619-2740-43F1-B660-1AE73981C499}.Debug|Any CPU.Build.0 = Debug|Any CPU
		{C635C619-2740-43F1-B660-1AE73981C499}.Release|Any CPU.ActiveCfg = Release|Any CPU
		{C635C619-2740-43F1-B660-1AE73981C499}.Release|Any CPU.Build.0 = Release|Any CPU
	EndGlobalSection
	GlobalSection(SolutionProperties) = preSolution
		HideSolutionNode = FALSE
	EndGlobalSection
	GlobalSection(ExtensibilityGlobals) = postSolution
		SolutionGuid = {3B24BA47-C04A-4FFB-99CF-C5C22A3F1708}
	EndGlobalSection
EndGlobal
