
Microsoft Visual Studio Solution File, Format Version 12.00
# Visual Studio Version 17
VisualStudioVersion = 17.2.32516.85
MinimumVisualStudioVersion = 10.0.40219.1
Project("{FAE04EC0-301F-11D3-BF4B-00C04F79EFBC}") = "[4kyu]Total increasing or decreasing numbers up to a power of 10", "[4kyu]Total increasing or decreasing numbers up to a power of 10\[4kyu]Total increasing or decreasing numbers up to a power of 10.csproj", "{670E09D0-E8CA-47D3-96A6-70A0E97F8D00}"
EndProject
Global
	GlobalSection(SolutionConfigurationPlatforms) = preSolution
		Debug|Any CPU = Debug|Any CPU
		Release|Any CPU = Release|Any CPU
	EndGlobalSection
	GlobalSection(ProjectConfigurationPlatforms) = postSolution
		{670E09D0-E8CA-47D3-96A6-70A0E97F8D00}.Debug|Any CPU.ActiveCfg = Debug|Any CPU
		{670E09D0-E8CA-47D3-96A6-70A0E97F8D00}.Debug|Any CPU.Build.0 = Debug|Any CPU
		{670E09D0-E8CA-47D3-96A6-70A0E97F8D00}.Release|Any CPU.ActiveCfg = Release|Any CPU
		{670E09D0-E8CA-47D3-96A6-70A0E97F8D00}.Release|Any CPU.Build.0 = Release|Any CPU
	EndGlobalSection
	GlobalSection(SolutionProperties) = preSolution
		HideSolutionNode = FALSE
	EndGlobalSection
	GlobalSection(ExtensibilityGlobals) = postSolution
		SolutionGuid = {378C0E07-E813-4137-B1D1-1E71AE175DE2}
	EndGlobalSection
EndGlobal
