
Microsoft Visual Studio Solution File, Format Version 12.00
# Visual Studio Version 17
VisualStudioVersion = 17.2.32516.85
MinimumVisualStudioVersion = 10.0.40219.1
Project("{FAE04EC0-301F-11D3-BF4B-00C04F79EFBC}") = "[6kyu]Build a pile of Cubes", "[6kyu]Build a pile of Cubes\[6kyu]Build a pile of Cubes.csproj", "{CC5D9BB1-66D6-4A1B-9C5C-84481F660782}"
EndProject
Global
	GlobalSection(SolutionConfigurationPlatforms) = preSolution
		Debug|Any CPU = Debug|Any CPU
		Release|Any CPU = Release|Any CPU
	EndGlobalSection
	GlobalSection(ProjectConfigurationPlatforms) = postSolution
		{CC5D9BB1-66D6-4A1B-9C5C-84481F660782}.Debug|Any CPU.ActiveCfg = Debug|Any CPU
		{CC5D9BB1-66D6-4A1B-9C5C-84481F660782}.Debug|Any CPU.Build.0 = Debug|Any CPU
		{CC5D9BB1-66D6-4A1B-9C5C-84481F660782}.Release|Any CPU.ActiveCfg = Release|Any CPU
		{CC5D9BB1-66D6-4A1B-9C5C-84481F660782}.Release|Any CPU.Build.0 = Release|Any CPU
	EndGlobalSection
	GlobalSection(SolutionProperties) = preSolution
		HideSolutionNode = FALSE
	EndGlobalSection
	GlobalSection(ExtensibilityGlobals) = postSolution
		SolutionGuid = {349F6D97-5C89-44DC-A77A-C7B51D50C92C}
	EndGlobalSection
EndGlobal
