
Microsoft Visual Studio Solution File, Format Version 12.00
# Visual Studio Version 17
VisualStudioVersion = 17.2.32516.85
MinimumVisualStudioVersion = 10.0.40219.1
Project("{FAE04EC0-301F-11D3-BF4B-00C04F79EFBC}") = "[6kyu]The Supermarket Queue", "[6kyu]The Supermarket Queue\[6kyu]The Supermarket Queue.csproj", "{98791D18-B4ED-46F3-9F50-F83A4EBB964C}"
EndProject
Global
	GlobalSection(SolutionConfigurationPlatforms) = preSolution
		Debug|Any CPU = Debug|Any CPU
		Release|Any CPU = Release|Any CPU
	EndGlobalSection
	GlobalSection(ProjectConfigurationPlatforms) = postSolution
		{98791D18-B4ED-46F3-9F50-F83A4EBB964C}.Debug|Any CPU.ActiveCfg = Debug|Any CPU
		{98791D18-B4ED-46F3-9F50-F83A4EBB964C}.Debug|Any CPU.Build.0 = Debug|Any CPU
		{98791D18-B4ED-46F3-9F50-F83A4EBB964C}.Release|Any CPU.ActiveCfg = Release|Any CPU
		{98791D18-B4ED-46F3-9F50-F83A4EBB964C}.Release|Any CPU.Build.0 = Release|Any CPU
	EndGlobalSection
	GlobalSection(SolutionProperties) = preSolution
		HideSolutionNode = FALSE
	EndGlobalSection
	GlobalSection(ExtensibilityGlobals) = postSolution
		SolutionGuid = {6C09FA1F-4E28-41F2-9895-7F9C58D3496F}
	EndGlobalSection
EndGlobal
