
Microsoft Visual Studio Solution File, Format Version 12.00
# Visual Studio Version 17
VisualStudioVersion = 17.2.32516.85
MinimumVisualStudioVersion = 10.0.40219.1
Project("{FAE04EC0-301F-11D3-BF4B-00C04F79EFBC}") = "Path Finder 3. The Alpinist", "Path Finder 3. The Alpinist\Path Finder 3. The Alpinist.csproj", "{CE92951D-0C36-45CF-9D75-F13A4E30E0A2}"
EndProject
Global
	GlobalSection(SolutionConfigurationPlatforms) = preSolution
		Debug|Any CPU = Debug|Any CPU
		Release|Any CPU = Release|Any CPU
	EndGlobalSection
	GlobalSection(ProjectConfigurationPlatforms) = postSolution
		{CE92951D-0C36-45CF-9D75-F13A4E30E0A2}.Debug|Any CPU.ActiveCfg = Debug|Any CPU
		{CE92951D-0C36-45CF-9D75-F13A4E30E0A2}.Debug|Any CPU.Build.0 = Debug|Any CPU
		{CE92951D-0C36-45CF-9D75-F13A4E30E0A2}.Release|Any CPU.ActiveCfg = Release|Any CPU
		{CE92951D-0C36-45CF-9D75-F13A4E30E0A2}.Release|Any CPU.Build.0 = Release|Any CPU
	EndGlobalSection
	GlobalSection(SolutionProperties) = preSolution
		HideSolutionNode = FALSE
	EndGlobalSection
	GlobalSection(ExtensibilityGlobals) = postSolution
		SolutionGuid = {F6A16258-9B89-4E4B-AEA2-BE341D41DC0C}
	EndGlobalSection
EndGlobal
