
Microsoft Visual Studio Solution File, Format Version 12.00
# Visual Studio Version 17
VisualStudioVersion = 17.2.32516.85
MinimumVisualStudioVersion = 10.0.40219.1
Project("{FAE04EC0-301F-11D3-BF4B-00C04F79EFBC}") = "[7kyu]Jumping Number", "[7kyu]Jumping Number\[7kyu]Jumping Number.csproj", "{42527143-1020-41FD-8E85-4318ACA704CC}"
EndProject
Global
	GlobalSection(SolutionConfigurationPlatforms) = preSolution
		Debug|Any CPU = Debug|Any CPU
		Release|Any CPU = Release|Any CPU
	EndGlobalSection
	GlobalSection(ProjectConfigurationPlatforms) = postSolution
		{42527143-1020-41FD-8E85-4318ACA704CC}.Debug|Any CPU.ActiveCfg = Debug|Any CPU
		{42527143-1020-41FD-8E85-4318ACA704CC}.Debug|Any CPU.Build.0 = Debug|Any CPU
		{42527143-1020-41FD-8E85-4318ACA704CC}.Release|Any CPU.ActiveCfg = Release|Any CPU
		{42527143-1020-41FD-8E85-4318ACA704CC}.Release|Any CPU.Build.0 = Release|Any CPU
	EndGlobalSection
	GlobalSection(SolutionProperties) = preSolution
		HideSolutionNode = FALSE
	EndGlobalSection
	GlobalSection(ExtensibilityGlobals) = postSolution
		SolutionGuid = {C5EE2FE9-6286-4635-A85C-E2E3F0631865}
	EndGlobalSection
EndGlobal
