
Microsoft Visual Studio Solution File, Format Version 12.00
# Visual Studio Version 17
VisualStudioVersion = 17.2.32516.85
MinimumVisualStudioVersion = 10.0.40219.1
Project("{FAE04EC0-301F-11D3-BF4B-00C04F79EFBC}") = "[7kyu]Help Suzuki rake his garden!", "[7kyu]Help Suzuki rake his garden!\[7kyu]Help Suzuki rake his garden!.csproj", "{CA380E56-52EF-4F95-9A56-3263B1C83E5F}"
EndProject
Global
	GlobalSection(SolutionConfigurationPlatforms) = preSolution
		Debug|Any CPU = Debug|Any CPU
		Release|Any CPU = Release|Any CPU
	EndGlobalSection
	GlobalSection(ProjectConfigurationPlatforms) = postSolution
		{CA380E56-52EF-4F95-9A56-3263B1C83E5F}.Debug|Any CPU.ActiveCfg = Debug|Any CPU
		{CA380E56-52EF-4F95-9A56-3263B1C83E5F}.Debug|Any CPU.Build.0 = Debug|Any CPU
		{CA380E56-52EF-4F95-9A56-3263B1C83E5F}.Release|Any CPU.ActiveCfg = Release|Any CPU
		{CA380E56-52EF-4F95-9A56-3263B1C83E5F}.Release|Any CPU.Build.0 = Release|Any CPU
	EndGlobalSection
	GlobalSection(SolutionProperties) = preSolution
		HideSolutionNode = FALSE
	EndGlobalSection
	GlobalSection(ExtensibilityGlobals) = postSolution
		SolutionGuid = {A9753D93-C532-4622-B503-C30698804E26}
	EndGlobalSection
EndGlobal
