
Microsoft Visual Studio Solution File, Format Version 12.00
# Visual Studio Version 17
VisualStudioVersion = 17.2.32516.85
MinimumVisualStudioVersion = 10.0.40219.1
Project("{FAE04EC0-301F-11D3-BF4B-00C04F79EFBC}") = "[4kyu]Roman Numerals Helper", "[4kyu]Roman Numerals Helper\[4kyu]Roman Numerals Helper.csproj", "{BE344C57-1B37-4376-838C-C50BF6CD5BB6}"
EndProject
Global
	GlobalSection(SolutionConfigurationPlatforms) = preSolution
		Debug|Any CPU = Debug|Any CPU
		Release|Any CPU = Release|Any CPU
	EndGlobalSection
	GlobalSection(ProjectConfigurationPlatforms) = postSolution
		{BE344C57-1B37-4376-838C-C50BF6CD5BB6}.Debug|Any CPU.ActiveCfg = Debug|Any CPU
		{BE344C57-1B37-4376-838C-C50BF6CD5BB6}.Debug|Any CPU.Build.0 = Debug|Any CPU
		{BE344C57-1B37-4376-838C-C50BF6CD5BB6}.Release|Any CPU.ActiveCfg = Release|Any CPU
		{BE344C57-1B37-4376-838C-C50BF6CD5BB6}.Release|Any CPU.Build.0 = Release|Any CPU
	EndGlobalSection
	GlobalSection(SolutionProperties) = preSolution
		HideSolutionNode = FALSE
	EndGlobalSection
	GlobalSection(ExtensibilityGlobals) = postSolution
		SolutionGuid = {E9B6A6B9-11DF-44EC-A02F-77BAB1CF2905}
	EndGlobalSection
EndGlobal
