
Microsoft Visual Studio Solution File, Format Version 12.00
# Visual Studio Version 17
VisualStudioVersion = 17.2.32516.85
MinimumVisualStudioVersion = 10.0.40219.1
Project("{FAE04EC0-301F-11D3-BF4B-00C04F79EFBC}") = "[7kyu]Suzuki needs help lining up his students", "[7kyu]Suzuki needs help lining up his students\[7kyu]Suzuki needs help lining up his students.csproj", "{B6923D5B-2EAE-4045-B122-E256972AE8DA}"
EndProject
Global
	GlobalSection(SolutionConfigurationPlatforms) = preSolution
		Debug|Any CPU = Debug|Any CPU
		Release|Any CPU = Release|Any CPU
	EndGlobalSection
	GlobalSection(ProjectConfigurationPlatforms) = postSolution
		{B6923D5B-2EAE-4045-B122-E256972AE8DA}.Debug|Any CPU.ActiveCfg = Debug|Any CPU
		{B6923D5B-2EAE-4045-B122-E256972AE8DA}.Debug|Any CPU.Build.0 = Debug|Any CPU
		{B6923D5B-2EAE-4045-B122-E256972AE8DA}.Release|Any CPU.ActiveCfg = Release|Any CPU
		{B6923D5B-2EAE-4045-B122-E256972AE8DA}.Release|Any CPU.Build.0 = Release|Any CPU
	EndGlobalSection
	GlobalSection(SolutionProperties) = preSolution
		HideSolutionNode = FALSE
	EndGlobalSection
	GlobalSection(ExtensibilityGlobals) = postSolution
		SolutionGuid = {408CB3C5-604B-4487-98FB-ECF84AAA03E0}
	EndGlobalSection
EndGlobal
