
Microsoft Visual Studio Solution File, Format Version 12.00
# Visual Studio Version 17
VisualStudioVersion = 17.2.32516.85
MinimumVisualStudioVersion = 10.0.40219.1
Project("{FAE04EC0-301F-11D3-BF4B-00C04F79EFBC}") = "[7kyu]Tidy Number", "[7kyu]Tidy Number\[7kyu]Tidy Number.csproj", "{CA5B11B7-0D09-45E4-8837-349841C66F82}"
EndProject
Global
	GlobalSection(SolutionConfigurationPlatforms) = preSolution
		Debug|Any CPU = Debug|Any CPU
		Release|Any CPU = Release|Any CPU
	EndGlobalSection
	GlobalSection(ProjectConfigurationPlatforms) = postSolution
		{CA5B11B7-0D09-45E4-8837-349841C66F82}.Debug|Any CPU.ActiveCfg = Debug|Any CPU
		{CA5B11B7-0D09-45E4-8837-349841C66F82}.Debug|Any CPU.Build.0 = Debug|Any CPU
		{CA5B11B7-0D09-45E4-8837-349841C66F82}.Release|Any CPU.ActiveCfg = Release|Any CPU
		{CA5B11B7-0D09-45E4-8837-349841C66F82}.Release|Any CPU.Build.0 = Release|Any CPU
	EndGlobalSection
	GlobalSection(SolutionProperties) = preSolution
		HideSolutionNode = FALSE
	EndGlobalSection
	GlobalSection(ExtensibilityGlobals) = postSolution
		SolutionGuid = {468DA717-26E2-4410-8889-0248512D6741}
	EndGlobalSection
EndGlobal
