
Microsoft Visual Studio Solution File, Format Version 12.00
# Visual Studio Version 17
VisualStudioVersion = 17.2.32516.85
MinimumVisualStudioVersion = 10.0.40219.1
Project("{FAE04EC0-301F-11D3-BF4B-00C04F79EFBC}") = "[4kyu]Strings Mix", "[4kyu]Strings Mix\[4kyu]Strings Mix.csproj", "{2964ADA2-A1BC-4AAC-A2F6-9895D7D1DE2A}"
EndProject
Global
	GlobalSection(SolutionConfigurationPlatforms) = preSolution
		Debug|Any CPU = Debug|Any CPU
		Release|Any CPU = Release|Any CPU
	EndGlobalSection
	GlobalSection(ProjectConfigurationPlatforms) = postSolution
		{2964ADA2-A1BC-4AAC-A2F6-9895D7D1DE2A}.Debug|Any CPU.ActiveCfg = Debug|Any CPU
		{2964ADA2-A1BC-4AAC-A2F6-9895D7D1DE2A}.Debug|Any CPU.Build.0 = Debug|Any CPU
		{2964ADA2-A1BC-4AAC-A2F6-9895D7D1DE2A}.Release|Any CPU.ActiveCfg = Release|Any CPU
		{2964ADA2-A1BC-4AAC-A2F6-9895D7D1DE2A}.Release|Any CPU.Build.0 = Release|Any CPU
	EndGlobalSection
	GlobalSection(SolutionProperties) = preSolution
		HideSolutionNode = FALSE
	EndGlobalSection
	GlobalSection(ExtensibilityGlobals) = postSolution
		SolutionGuid = {C3CE592E-7C32-4BB8-AA03-C783C335B06B}
	EndGlobalSection
EndGlobal
