
Microsoft Visual Studio Solution File, Format Version 12.00
# Visual Studio Version 17
VisualStudioVersion = 17.2.32516.85
MinimumVisualStudioVersion = 10.0.40219.1
Project("{FAE04EC0-301F-11D3-BF4B-00C04F79EFBC}") = "[7kyu]Unflatten a list (Easy)", "[7kyu]Unflatten a list (Easy)\[7kyu]Unflatten a list (Easy).csproj", "{2D0B9841-D09B-4478-AF0B-D52D8D94F4C7}"
EndProject
Global
	GlobalSection(SolutionConfigurationPlatforms) = preSolution
		Debug|Any CPU = Debug|Any CPU
		Release|Any CPU = Release|Any CPU
	EndGlobalSection
	GlobalSection(ProjectConfigurationPlatforms) = postSolution
		{2D0B9841-D09B-4478-AF0B-D52D8D94F4C7}.Debug|Any CPU.ActiveCfg = Debug|Any CPU
		{2D0B9841-D09B-4478-AF0B-D52D8D94F4C7}.Debug|Any CPU.Build.0 = Debug|Any CPU
		{2D0B9841-D09B-4478-AF0B-D52D8D94F4C7}.Release|Any CPU.ActiveCfg = Release|Any CPU
		{2D0B9841-D09B-4478-AF0B-D52D8D94F4C7}.Release|Any CPU.Build.0 = Release|Any CPU
	EndGlobalSection
	GlobalSection(SolutionProperties) = preSolution
		HideSolutionNode = FALSE
	EndGlobalSection
	GlobalSection(ExtensibilityGlobals) = postSolution
		SolutionGuid = {D91253C7-5455-4357-9A3F-4B042B4B547B}
	EndGlobalSection
EndGlobal
