
Microsoft Visual Studio Solution File, Format Version 12.00
# Visual Studio Version 17
VisualStudioVersion = 17.2.32516.85
MinimumVisualStudioVersion = 10.0.40219.1
Project("{FAE04EC0-301F-11D3-BF4B-00C04F79EFBC}") = "[6kyu]Sudoku board validator", "[6kyu]Sudoku board validator\[6kyu]Sudoku board validator.csproj", "{B058E69B-E98E-4929-9F75-2D1D47A23C81}"
EndProject
Global
	GlobalSection(SolutionConfigurationPlatforms) = preSolution
		Debug|Any CPU = Debug|Any CPU
		Release|Any CPU = Release|Any CPU
	EndGlobalSection
	GlobalSection(ProjectConfigurationPlatforms) = postSolution
		{B058E69B-E98E-4929-9F75-2D1D47A23C81}.Debug|Any CPU.ActiveCfg = Debug|Any CPU
		{B058E69B-E98E-4929-9F75-2D1D47A23C81}.Debug|Any CPU.Build.0 = Debug|Any CPU
		{B058E69B-E98E-4929-9F75-2D1D47A23C81}.Release|Any CPU.ActiveCfg = Release|Any CPU
		{B058E69B-E98E-4929-9F75-2D1D47A23C81}.Release|Any CPU.Build.0 = Release|Any CPU
	EndGlobalSection
	GlobalSection(SolutionProperties) = preSolution
		HideSolutionNode = FALSE
	EndGlobalSection
	GlobalSection(ExtensibilityGlobals) = postSolution
		SolutionGuid = {5E786A28-73DA-42A0-8555-C8ABF9B6AB0D}
	EndGlobalSection
EndGlobal
